
Microsoft Visual Studio Solution File, Format Version 12.00
# Visual Studio 15
VisualStudioVersion = 15.0.28307.1585
MinimumVisualStudioVersion = 10.0.40219.1
Project("{9A19103F-16F7-4668-BE54-9A1E7A4F7556}") = "DotnetExample", "DotnetExample\DotnetExample.csproj", "{06DF015A-EDA6-4D3B-B48E-385098482DE0}"
EndProject
Global
	GlobalSection(SolutionConfigurationPlatforms) = preSolution
		Debug|Any CPU = Debug|Any CPU
		Release|Any CPU = Release|Any CPU
	EndGlobalSection
	GlobalSection(ProjectConfigurationPlatforms) = postSolution
		{06DF015A-EDA6-4D3B-B48E-385098482DE0}.Debug|Any CPU.ActiveCfg = Debug|Any CPU
		{06DF015A-EDA6-4D3B-B48E-385098482DE0}.Debug|Any CPU.Build.0 = Debug|Any CPU
		{06DF015A-EDA6-4D3B-B48E-385098482DE0}.Release|Any CPU.ActiveCfg = Release|Any CPU
		{06DF015A-EDA6-4D3B-B48E-385098482DE0}.Release|Any CPU.Build.0 = Release|Any CPU
	EndGlobalSection
	GlobalSection(SolutionProperties) = preSolution
		HideSolutionNode = FALSE
	EndGlobalSection
	GlobalSection(ExtensibilityGlobals) = postSolution
		SolutionGuid = {36316E0F-F36B-4B93-B99C-3980A0A10AF4}
	EndGlobalSection
EndGlobal
